
Microsoft Visual Studio Solution File, Format Version 12.00
# Visual Studio Version 17
VisualStudioVersion = 17.4.33213.308
MinimumVisualStudioVersion = 10.0.40219.1
Project("{FAE04EC0-301F-11D3-BF4B-00C04F79EFBC}") = "API", "src\API\API.csproj", "{7AAFEE65-8431-4BF0-8033-1B13EC76D6A3}"
EndProject
Project("{FAE04EC0-301F-11D3-BF4B-00C04F79EFBC}") = "Test", "src\Application\Test.csproj", "{AEE498E2-DD18-42EB-996A-067B6985D00E}"
EndProject
Project("{FAE04EC0-301F-11D3-BF4B-00C04F79EFBC}") = "Test.UnitTests", "test\Application.Tests\Test.UnitTests.csproj", "{6FF7F75B-FA10-41A0-B7CB-FFF2A0260A9E}"
EndProject
Global
	GlobalSection(SolutionConfigurationPlatforms) = preSolution
		Debug|Any CPU = Debug|Any CPU
		Release|Any CPU = Release|Any CPU
	EndGlobalSection
	GlobalSection(ProjectConfigurationPlatforms) = postSolution
		{7AAFEE65-8431-4BF0-8033-1B13EC76D6A3}.Debug|Any CPU.ActiveCfg = Debug|Any CPU
		{7AAFEE65-8431-4BF0-8033-1B13EC76D6A3}.Debug|Any CPU.Build.0 = Debug|Any CPU
		{7AAFEE65-8431-4BF0-8033-1B13EC76D6A3}.Release|Any CPU.ActiveCfg = Release|Any CPU
		{7AAFEE65-8431-4BF0-8033-1B13EC76D6A3}.Release|Any CPU.Build.0 = Release|Any CPU
		{AEE498E2-DD18-42EB-996A-067B6985D00E}.Debug|Any CPU.ActiveCfg = Debug|Any CPU
		{AEE498E2-DD18-42EB-996A-067B6985D00E}.Debug|Any CPU.Build.0 = Debug|Any CPU
		{AEE498E2-DD18-42EB-996A-067B6985D00E}.Release|Any CPU.ActiveCfg = Release|Any CPU
		{AEE498E2-DD18-42EB-996A-067B6985D00E}.Release|Any CPU.Build.0 = Release|Any CPU
		{6FF7F75B-FA10-41A0-B7CB-FFF2A0260A9E}.Debug|Any CPU.ActiveCfg = Debug|Any CPU
		{6FF7F75B-FA10-41A0-B7CB-FFF2A0260A9E}.Debug|Any CPU.Build.0 = Debug|Any CPU
		{6FF7F75B-FA10-41A0-B7CB-FFF2A0260A9E}.Release|Any CPU.ActiveCfg = Release|Any CPU
		{6FF7F75B-FA10-41A0-B7CB-FFF2A0260A9E}.Release|Any CPU.Build.0 = Release|Any CPU
	EndGlobalSection
	GlobalSection(SolutionProperties) = preSolution
		HideSolutionNode = FALSE
	EndGlobalSection
	GlobalSection(ExtensibilityGlobals) = postSolution
		SolutionGuid = {FA4F22EB-CA1C-4399-AAA2-8DF7BDEFA26A}
	EndGlobalSection
EndGlobal
