
Microsoft Visual Studio Solution File, Format Version 12.00
# Visual Studio Version 17
VisualStudioVersion = 17.4.33213.308
MinimumVisualStudioVersion = 10.0.40219.1
Project("{9A19103F-16F7-4668-BE54-9A1E7A4F7556}") = "API", "src\API\API.csproj", "{7AAFEE65-8431-4BF0-8033-1B13EC76D6A3}"
EndProject
Project("{9A19103F-16F7-4668-BE54-9A1E7A4F7556}") = "Test", "src\Test\Test.csproj", "{8A10F67F-37D6-4F38-B577-8E1472DA614D}"
EndProject
Project("{9A19103F-16F7-4668-BE54-9A1E7A4F7556}") = "Test.UnitTests", "test\Test.UnitTests\Test.UnitTests.csproj", "{14C7C0F6-C1D7-43A5-88D1-9999CEDB30DC}"
EndProject
Global
	GlobalSection(SolutionConfigurationPlatforms) = preSolution
		Debug|Any CPU = Debug|Any CPU
		Release|Any CPU = Release|Any CPU
	EndGlobalSection
	GlobalSection(ProjectConfigurationPlatforms) = postSolution
		{7AAFEE65-8431-4BF0-8033-1B13EC76D6A3}.Debug|Any CPU.ActiveCfg = Debug|Any CPU
		{7AAFEE65-8431-4BF0-8033-1B13EC76D6A3}.Debug|Any CPU.Build.0 = Debug|Any CPU
		{7AAFEE65-8431-4BF0-8033-1B13EC76D6A3}.Release|Any CPU.ActiveCfg = Release|Any CPU
		{7AAFEE65-8431-4BF0-8033-1B13EC76D6A3}.Release|Any CPU.Build.0 = Release|Any CPU
		{8A10F67F-37D6-4F38-B577-8E1472DA614D}.Debug|Any CPU.ActiveCfg = Debug|Any CPU
		{8A10F67F-37D6-4F38-B577-8E1472DA614D}.Debug|Any CPU.Build.0 = Debug|Any CPU
		{8A10F67F-37D6-4F38-B577-8E1472DA614D}.Release|Any CPU.ActiveCfg = Release|Any CPU
		{8A10F67F-37D6-4F38-B577-8E1472DA614D}.Release|Any CPU.Build.0 = Release|Any CPU
		{14C7C0F6-C1D7-43A5-88D1-9999CEDB30DC}.Debug|Any CPU.ActiveCfg = Debug|Any CPU
		{14C7C0F6-C1D7-43A5-88D1-9999CEDB30DC}.Debug|Any CPU.Build.0 = Debug|Any CPU
		{14C7C0F6-C1D7-43A5-88D1-9999CEDB30DC}.Release|Any CPU.ActiveCfg = Release|Any CPU
		{14C7C0F6-C1D7-43A5-88D1-9999CEDB30DC}.Release|Any CPU.Build.0 = Release|Any CPU
	EndGlobalSection
	GlobalSection(SolutionProperties) = preSolution
		HideSolutionNode = FALSE
	EndGlobalSection
	GlobalSection(ExtensibilityGlobals) = postSolution
		SolutionGuid = {FA4F22EB-CA1C-4399-AAA2-8DF7BDEFA26A}
	EndGlobalSection
EndGlobal
